// !$*UTF8*$!
{
	archiveVersion = 1;
	classes = {
	};
	objectVersion = 55;
	objects = {

/* Begin PBXBuildFile section */
		2067B8F827494CE2002B3FCF /* TotalDeck.swift in Sources */ = {isa = PBXBuildFile; fileRef = 2067B8F727494CE2002B3FCF /* TotalDeck.swift */; };
		20C082872749503E00C8524F /* FinalStatsPage.swift in Sources */ = {isa = PBXBuildFile; fileRef = 20C082862749503E00C8524F /* FinalStatsPage.swift */; };
		8303F7DD2747A79200582462 /* DeckRow.swift in Sources */ = {isa = PBXBuildFile; fileRef = 8303F7DA2747A42000582462 /* DeckRow.swift */; };
		8303F7DE2747A7A200582462 /* SessionCompleted.swift in Sources */ = {isa = PBXBuildFile; fileRef = 8303F7DC2747A42000582462 /* SessionCompleted.swift */; };
		8303F7DF2747A7A200582462 /* TotalSuccess.swift in Sources */ = {isa = PBXBuildFile; fileRef = 8303F7DB2747A42000582462 /* TotalSuccess.swift */; };
		8303F7E02747A7A200582462 /* AverageDuration.swift in Sources */ = {isa = PBXBuildFile; fileRef = 8303F7D92747A41100582462 /* AverageDuration.swift */; };
		836CF4862747BF8E004989AB /* Home.swift in Sources */ = {isa = PBXBuildFile; fileRef = 836CF4842747BF8E004989AB /* Home.swift */; };
		836CF4872747BF8E004989AB /* ModalView.swift in Sources */ = {isa = PBXBuildFile; fileRef = 836CF4852747BF8E004989AB /* ModalView.swift */; };
		837812CF2741127000A705D3 /* Db.swift in Sources */ = {isa = PBXBuildFile; fileRef = 837812CE2741127000A705D3 /* Db.swift */; };
		837812D32741151300A705D3 /* UseFlashdecks.swift in Sources */ = {isa = PBXBuildFile; fileRef = 837812D22741151300A705D3 /* UseFlashdecks.swift */; };
		83CD2E1E273E80490093AD90 /* FlashdecksApp.swift in Sources */ = {isa = PBXBuildFile; fileRef = 83CD2E1D273E80490093AD90 /* FlashdecksApp.swift */; };
		83CD2E22273E804B0093AD90 /* Assets.xcassets in Resources */ = {isa = PBXBuildFile; fileRef = 83CD2E21273E804B0093AD90 /* Assets.xcassets */; };
		83CD2E25273E804B0093AD90 /* Preview Assets.xcassets in Resources */ = {isa = PBXBuildFile; fileRef = 83CD2E24273E804B0093AD90 /* Preview Assets.xcassets */; };
		83CD2E2F273E804B0093AD90 /* FlashdecksTests.swift in Sources */ = {isa = PBXBuildFile; fileRef = 83CD2E2E273E804B0093AD90 /* FlashdecksTests.swift */; };
		83CD2E39273E804B0093AD90 /* FlashdecksUITests.swift in Sources */ = {isa = PBXBuildFile; fileRef = 83CD2E38273E804B0093AD90 /* FlashdecksUITests.swift */; };
		83CD2E3B273E804B0093AD90 /* FlashdecksUITestsLaunchTests.swift in Sources */ = {isa = PBXBuildFile; fileRef = 83CD2E3A273E804B0093AD90 /* FlashdecksUITestsLaunchTests.swift */; };
		83FAF8A5274AA6220058908C /* UseStatistics.swift in Sources */ = {isa = PBXBuildFile; fileRef = 83FAF8A4274AA6220058908C /* UseStatistics.swift */; };
		83FAF8A7274AA95A0058908C /* Statistics.swift in Sources */ = {isa = PBXBuildFile; fileRef = 83FAF8A6274AA95A0058908C /* Statistics.swift */; };
		FB24131D27453D1B00E072C4 /* FlashcardView.swift in Sources */ = {isa = PBXBuildFile; fileRef = FB24131C27453D1B00E072C4 /* FlashcardView.swift */; };
		FF4A40552748009D0011C6B2 /* Launch Screen.storyboard in Resources */ = {isa = PBXBuildFile; fileRef = FF4A40542748009D0011C6B2 /* Launch Screen.storyboard */; };
		FFC567DF2748FAAD002821AE /* FlashcardList.swift in Sources */ = {isa = PBXBuildFile; fileRef = FFC567DE2748FAAD002821AE /* FlashcardList.swift */; };
		FFC567E12748FCE6002821AE /* EditFlashcardModal.swift in Sources */ = {isa = PBXBuildFile; fileRef = FFC567E02748FCE6002821AE /* EditFlashcardModal.swift */; };
/* End PBXBuildFile section */

/* Begin PBXContainerItemProxy section */
		83CD2E2B273E804B0093AD90 /* PBXContainerItemProxy */ = {
			isa = PBXContainerItemProxy;
			containerPortal = 83CD2E12273E80490093AD90 /* Project object */;
			proxyType = 1;
			remoteGlobalIDString = 83CD2E19273E80490093AD90;
			remoteInfo = Flashdecks;
		};
		83CD2E35273E804B0093AD90 /* PBXContainerItemProxy */ = {
			isa = PBXContainerItemProxy;
			containerPortal = 83CD2E12273E80490093AD90 /* Project object */;
			proxyType = 1;
			remoteGlobalIDString = 83CD2E19273E80490093AD90;
			remoteInfo = Flashdecks;
		};
/* End PBXContainerItemProxy section */

/* Begin PBXFileReference section */
		2067B8F727494CE2002B3FCF /* TotalDeck.swift */ = {isa = PBXFileReference; lastKnownFileType = sourcecode.swift; path = TotalDeck.swift; sourceTree = "<group>"; };
		20C082862749503E00C8524F /* FinalStatsPage.swift */ = {isa = PBXFileReference; lastKnownFileType = sourcecode.swift; path = FinalStatsPage.swift; sourceTree = "<group>"; };
		8303F7D92747A41100582462 /* AverageDuration.swift */ = {isa = PBXFileReference; lastKnownFileType = sourcecode.swift; path = AverageDuration.swift; sourceTree = "<group>"; };
		8303F7DA2747A42000582462 /* DeckRow.swift */ = {isa = PBXFileReference; lastKnownFileType = sourcecode.swift; path = DeckRow.swift; sourceTree = "<group>"; };
		8303F7DB2747A42000582462 /* TotalSuccess.swift */ = {isa = PBXFileReference; lastKnownFileType = sourcecode.swift; path = TotalSuccess.swift; sourceTree = "<group>"; };
		8303F7DC2747A42000582462 /* SessionCompleted.swift */ = {isa = PBXFileReference; lastKnownFileType = sourcecode.swift; path = SessionCompleted.swift; sourceTree = "<group>"; };
		836CF4842747BF8E004989AB /* Home.swift */ = {isa = PBXFileReference; fileEncoding = 4; lastKnownFileType = sourcecode.swift; path = Home.swift; sourceTree = "<group>"; };
		836CF4852747BF8E004989AB /* ModalView.swift */ = {isa = PBXFileReference; fileEncoding = 4; lastKnownFileType = sourcecode.swift; path = ModalView.swift; sourceTree = "<group>"; };
		837812CE2741127000A705D3 /* Db.swift */ = {isa = PBXFileReference; lastKnownFileType = sourcecode.swift; path = Db.swift; sourceTree = "<group>"; };
		837812D22741151300A705D3 /* UseFlashdecks.swift */ = {isa = PBXFileReference; lastKnownFileType = sourcecode.swift; path = UseFlashdecks.swift; sourceTree = "<group>"; };
		83CD2E1A273E80490093AD90 /* Flashdecks.app */ = {isa = PBXFileReference; explicitFileType = wrapper.application; includeInIndex = 0; path = Flashdecks.app; sourceTree = BUILT_PRODUCTS_DIR; };
		83CD2E1D273E80490093AD90 /* FlashdecksApp.swift */ = {isa = PBXFileReference; lastKnownFileType = sourcecode.swift; path = FlashdecksApp.swift; sourceTree = "<group>"; };
		83CD2E21273E804B0093AD90 /* Assets.xcassets */ = {isa = PBXFileReference; lastKnownFileType = folder.assetcatalog; path = Assets.xcassets; sourceTree = "<group>"; };
		83CD2E24273E804B0093AD90 /* Preview Assets.xcassets */ = {isa = PBXFileReference; lastKnownFileType = folder.assetcatalog; path = "Preview Assets.xcassets"; sourceTree = "<group>"; };
		83CD2E2A273E804B0093AD90 /* FlashdecksTests.xctest */ = {isa = PBXFileReference; explicitFileType = wrapper.cfbundle; includeInIndex = 0; path = FlashdecksTests.xctest; sourceTree = BUILT_PRODUCTS_DIR; };
		83CD2E2E273E804B0093AD90 /* FlashdecksTests.swift */ = {isa = PBXFileReference; lastKnownFileType = sourcecode.swift; path = FlashdecksTests.swift; sourceTree = "<group>"; };
		83CD2E34273E804B0093AD90 /* FlashdecksUITests.xctest */ = {isa = PBXFileReference; explicitFileType = wrapper.cfbundle; includeInIndex = 0; path = FlashdecksUITests.xctest; sourceTree = BUILT_PRODUCTS_DIR; };
		83CD2E38273E804B0093AD90 /* FlashdecksUITests.swift */ = {isa = PBXFileReference; lastKnownFileType = sourcecode.swift; path = FlashdecksUITests.swift; sourceTree = "<group>"; };
		83CD2E3A273E804B0093AD90 /* FlashdecksUITestsLaunchTests.swift */ = {isa = PBXFileReference; lastKnownFileType = sourcecode.swift; path = FlashdecksUITestsLaunchTests.swift; sourceTree = "<group>"; };
		83FAF8A4274AA6220058908C /* UseStatistics.swift */ = {isa = PBXFileReference; lastKnownFileType = sourcecode.swift; path = UseStatistics.swift; sourceTree = "<group>"; };
		83FAF8A6274AA95A0058908C /* Statistics.swift */ = {isa = PBXFileReference; lastKnownFileType = sourcecode.swift; path = Statistics.swift; sourceTree = "<group>"; };
		FB24131C27453D1B00E072C4 /* FlashcardView.swift */ = {isa = PBXFileReference; lastKnownFileType = sourcecode.swift; path = FlashcardView.swift; sourceTree = "<group>"; };
		FF4A40542748009D0011C6B2 /* Launch Screen.storyboard */ = {isa = PBXFileReference; lastKnownFileType = file.storyboard; path = "Launch Screen.storyboard"; sourceTree = "<group>"; };
		FF4A4056274803A20011C6B2 /* Info.plist */ = {isa = PBXFileReference; lastKnownFileType = text.plist; path = Info.plist; sourceTree = "<group>"; };
		FFC567DE2748FAAD002821AE /* FlashcardList.swift */ = {isa = PBXFileReference; lastKnownFileType = sourcecode.swift; path = FlashcardList.swift; sourceTree = "<group>"; };
		FFC567E02748FCE6002821AE /* EditFlashcardModal.swift */ = {isa = PBXFileReference; lastKnownFileType = sourcecode.swift; path = EditFlashcardModal.swift; sourceTree = "<group>"; };
/* End PBXFileReference section */

/* Begin PBXFrameworksBuildPhase section */
		83CD2E17273E80490093AD90 /* Frameworks */ = {
			isa = PBXFrameworksBuildPhase;
			buildActionMask = 2147483647;
			files = (
			);
			runOnlyForDeploymentPostprocessing = 0;
		};
		83CD2E27273E804B0093AD90 /* Frameworks */ = {
			isa = PBXFrameworksBuildPhase;
			buildActionMask = 2147483647;
			files = (
			);
			runOnlyForDeploymentPostprocessing = 0;
		};
		83CD2E31273E804B0093AD90 /* Frameworks */ = {
			isa = PBXFrameworksBuildPhase;
			buildActionMask = 2147483647;
			files = (
			);
			runOnlyForDeploymentPostprocessing = 0;
		};
/* End PBXFrameworksBuildPhase section */

/* Begin PBXGroup section */
		8303F7C62747A17200582462 /* View */ = {
			isa = PBXGroup;
			children = (
				836CF4842747BF8E004989AB /* Home.swift */,
				2067B8F727494CE2002B3FCF /* TotalDeck.swift */,
				FFC567DE2748FAAD002821AE /* FlashcardList.swift */,
				FB24131C27453D1B00E072C4 /* FlashcardView.swift */,
				836CF4852747BF8E004989AB /* ModalView.swift */,
				8303F7DA2747A42000582462 /* DeckRow.swift */,
				8303F7DC2747A42000582462 /* SessionCompleted.swift */,
				8303F7DB2747A42000582462 /* TotalSuccess.swift */,
				8303F7D92747A41100582462 /* AverageDuration.swift */,
				FFC567E02748FCE6002821AE /* EditFlashcardModal.swift */,
				20C082862749503E00C8524F /* FinalStatsPage.swift */,
			);
			name = View;
			path = Flashdecks/View;
			sourceTree = SOURCE_ROOT;
		};
		837812D0274114B000A705D3 /* models */ = {
			isa = PBXGroup;
			children = (
				837812CE2741127000A705D3 /* Db.swift */,
				83FAF8A6274AA95A0058908C /* Statistics.swift */,
			);
			path = models;
			sourceTree = "<group>";
		};
		837812D1274114FD00A705D3 /* hooks */ = {
			isa = PBXGroup;
			children = (
				837812D22741151300A705D3 /* UseFlashdecks.swift */,
				83FAF8A4274AA6220058908C /* UseStatistics.swift */,
			);
			path = hooks;
			sourceTree = "<group>";
		};
		83CD2E11273E80490093AD90 = {
			isa = PBXGroup;
			children = (
				83CD2E1C273E80490093AD90 /* Flashdecks */,
				83CD2E2D273E804B0093AD90 /* FlashdecksTests */,
				83CD2E37273E804B0093AD90 /* FlashdecksUITests */,
				83CD2E1B273E80490093AD90 /* Products */,
			);
			sourceTree = "<group>";
		};
		83CD2E1B273E80490093AD90 /* Products */ = {
			isa = PBXGroup;
			children = (
				83CD2E1A273E80490093AD90 /* Flashdecks.app */,
				83CD2E2A273E804B0093AD90 /* FlashdecksTests.xctest */,
				83CD2E34273E804B0093AD90 /* FlashdecksUITests.xctest */,
			);
			name = Products;
			sourceTree = "<group>";
		};
		83CD2E1C273E80490093AD90 /* Flashdecks */ = {
			isa = PBXGroup;
			children = (
				FF4A4056274803A20011C6B2 /* Info.plist */,
				8303F7C62747A17200582462 /* View */,
				837812D0274114B000A705D3 /* models */,
				837812D1274114FD00A705D3 /* hooks */,
				83CD2E1D273E80490093AD90 /* FlashdecksApp.swift */,
				83CD2E21273E804B0093AD90 /* Assets.xcassets */,
				83CD2E23273E804B0093AD90 /* Preview Content */,
				FF4A40542748009D0011C6B2 /* Launch Screen.storyboard */,
			);
			path = Flashdecks;
			sourceTree = "<group>";
		};
		83CD2E23273E804B0093AD90 /* Preview Content */ = {
			isa = PBXGroup;
			children = (
				83CD2E24273E804B0093AD90 /* Preview Assets.xcassets */,
			);
			path = "Preview Content";
			sourceTree = "<group>";
		};
		83CD2E2D273E804B0093AD90 /* FlashdecksTests */ = {
			isa = PBXGroup;
			children = (
				83CD2E2E273E804B0093AD90 /* FlashdecksTests.swift */,
			);
			path = FlashdecksTests;
			sourceTree = "<group>";
		};
		83CD2E37273E804B0093AD90 /* FlashdecksUITests */ = {
			isa = PBXGroup;
			children = (
				83CD2E38273E804B0093AD90 /* FlashdecksUITests.swift */,
				83CD2E3A273E804B0093AD90 /* FlashdecksUITestsLaunchTests.swift */,
			);
			path = FlashdecksUITests;
			sourceTree = "<group>";
		};
/* End PBXGroup section */

/* Begin PBXNativeTarget section */
		83CD2E19273E80490093AD90 /* Flashdecks */ = {
			isa = PBXNativeTarget;
			buildConfigurationList = 83CD2E3E273E804B0093AD90 /* Build configuration list for PBXNativeTarget "Flashdecks" */;
			buildPhases = (
				83CD2E16273E80490093AD90 /* Sources */,
				83CD2E17273E80490093AD90 /* Frameworks */,
				83CD2E18273E80490093AD90 /* Resources */,
			);
			buildRules = (
			);
			dependencies = (
			);
			name = Flashdecks;
			productName = Flashdecks;
			productReference = 83CD2E1A273E80490093AD90 /* Flashdecks.app */;
			productType = "com.apple.product-type.application";
		};
		83CD2E29273E804B0093AD90 /* FlashdecksTests */ = {
			isa = PBXNativeTarget;
			buildConfigurationList = 83CD2E41273E804B0093AD90 /* Build configuration list for PBXNativeTarget "FlashdecksTests" */;
			buildPhases = (
				83CD2E26273E804B0093AD90 /* Sources */,
				83CD2E27273E804B0093AD90 /* Frameworks */,
				83CD2E28273E804B0093AD90 /* Resources */,
			);
			buildRules = (
			);
			dependencies = (
				83CD2E2C273E804B0093AD90 /* PBXTargetDependency */,
			);
			name = FlashdecksTests;
			productName = FlashdecksTests;
			productReference = 83CD2E2A273E804B0093AD90 /* FlashdecksTests.xctest */;
			productType = "com.apple.product-type.bundle.unit-test";
		};
		83CD2E33273E804B0093AD90 /* FlashdecksUITests */ = {
			isa = PBXNativeTarget;
			buildConfigurationList = 83CD2E44273E804B0093AD90 /* Build configuration list for PBXNativeTarget "FlashdecksUITests" */;
			buildPhases = (
				83CD2E30273E804B0093AD90 /* Sources */,
				83CD2E31273E804B0093AD90 /* Frameworks */,
				83CD2E32273E804B0093AD90 /* Resources */,
			);
			buildRules = (
			);
			dependencies = (
				83CD2E36273E804B0093AD90 /* PBXTargetDependency */,
			);
			name = FlashdecksUITests;
			productName = FlashdecksUITests;
			productReference = 83CD2E34273E804B0093AD90 /* FlashdecksUITests.xctest */;
			productType = "com.apple.product-type.bundle.ui-testing";
		};
/* End PBXNativeTarget section */

/* Begin PBXProject section */
		83CD2E12273E80490093AD90 /* Project object */ = {
			isa = PBXProject;
			attributes = {
				BuildIndependentTargetsInParallel = 1;
				LastSwiftUpdateCheck = 1310;
				LastUpgradeCheck = 1310;
				TargetAttributes = {
					83CD2E19273E80490093AD90 = {
						CreatedOnToolsVersion = 13.1;
					};
					83CD2E29273E804B0093AD90 = {
						CreatedOnToolsVersion = 13.1;
						TestTargetID = 83CD2E19273E80490093AD90;
					};
					83CD2E33273E804B0093AD90 = {
						CreatedOnToolsVersion = 13.1;
						TestTargetID = 83CD2E19273E80490093AD90;
					};
				};
			};
			buildConfigurationList = 83CD2E15273E80490093AD90 /* Build configuration list for PBXProject "Flashdecks" */;
			compatibilityVersion = "Xcode 13.0";
			developmentRegion = en;
			hasScannedForEncodings = 0;
			knownRegions = (
				en,
				Base,
			);
			mainGroup = 83CD2E11273E80490093AD90;
			productRefGroup = 83CD2E1B273E80490093AD90 /* Products */;
			projectDirPath = "";
			projectRoot = "";
			targets = (
				83CD2E19273E80490093AD90 /* Flashdecks */,
				83CD2E29273E804B0093AD90 /* FlashdecksTests */,
				83CD2E33273E804B0093AD90 /* FlashdecksUITests */,
			);
		};
/* End PBXProject section */

/* Begin PBXResourcesBuildPhase section */
		83CD2E18273E80490093AD90 /* Resources */ = {
			isa = PBXResourcesBuildPhase;
			buildActionMask = 2147483647;
			files = (
				FF4A40552748009D0011C6B2 /* Launch Screen.storyboard in Resources */,
				83CD2E25273E804B0093AD90 /* Preview Assets.xcassets in Resources */,
				83CD2E22273E804B0093AD90 /* Assets.xcassets in Resources */,
			);
			runOnlyForDeploymentPostprocessing = 0;
		};
		83CD2E28273E804B0093AD90 /* Resources */ = {
			isa = PBXResourcesBuildPhase;
			buildActionMask = 2147483647;
			files = (
			);
			runOnlyForDeploymentPostprocessing = 0;
		};
		83CD2E32273E804B0093AD90 /* Resources */ = {
			isa = PBXResourcesBuildPhase;
			buildActionMask = 2147483647;
			files = (
			);
			runOnlyForDeploymentPostprocessing = 0;
		};
/* End PBXResourcesBuildPhase section */

/* Begin PBXSourcesBuildPhase section */
		83CD2E16273E80490093AD90 /* Sources */ = {
			isa = PBXSourcesBuildPhase;
			buildActionMask = 2147483647;
			files = (
				20C082872749503E00C8524F /* FinalStatsPage.swift in Sources */,
				FB24131D27453D1B00E072C4 /* FlashcardView.swift in Sources */,
				837812CF2741127000A705D3 /* Db.swift in Sources */,
				FFC567DF2748FAAD002821AE /* FlashcardList.swift in Sources */,
				8303F7DF2747A7A200582462 /* TotalSuccess.swift in Sources */,
				8303F7DE2747A7A200582462 /* SessionCompleted.swift in Sources */,
				83FAF8A7274AA95A0058908C /* Statistics.swift in Sources */,
				836CF4872747BF8E004989AB /* ModalView.swift in Sources */,
				FFC567E12748FCE6002821AE /* EditFlashcardModal.swift in Sources */,
				836CF4862747BF8E004989AB /* Home.swift in Sources */,
				8303F7DD2747A79200582462 /* DeckRow.swift in Sources */,
				2067B8F827494CE2002B3FCF /* TotalDeck.swift in Sources */,
				83CD2E1E273E80490093AD90 /* FlashdecksApp.swift in Sources */,
				837812D32741151300A705D3 /* UseFlashdecks.swift in Sources */,
				83FAF8A5274AA6220058908C /* UseStatistics.swift in Sources */,
				8303F7E02747A7A200582462 /* AverageDuration.swift in Sources */,
			);
			runOnlyForDeploymentPostprocessing = 0;
		};
		83CD2E26273E804B0093AD90 /* Sources */ = {
			isa = PBXSourcesBuildPhase;
			buildActionMask = 2147483647;
			files = (
				83CD2E2F273E804B0093AD90 /* FlashdecksTests.swift in Sources */,
			);
			runOnlyForDeploymentPostprocessing = 0;
		};
		83CD2E30273E804B0093AD90 /* Sources */ = {
			isa = PBXSourcesBuildPhase;
			buildActionMask = 2147483647;
			files = (
				83CD2E3B273E804B0093AD90 /* FlashdecksUITestsLaunchTests.swift in Sources */,
				83CD2E39273E804B0093AD90 /* FlashdecksUITests.swift in Sources */,
			);
			runOnlyForDeploymentPostprocessing = 0;
		};
/* End PBXSourcesBuildPhase section */

/* Begin PBXTargetDependency section */
		83CD2E2C273E804B0093AD90 /* PBXTargetDependency */ = {
			isa = PBXTargetDependency;
			target = 83CD2E19273E80490093AD90 /* Flashdecks */;
			targetProxy = 83CD2E2B273E804B0093AD90 /* PBXContainerItemProxy */;
		};
		83CD2E36273E804B0093AD90 /* PBXTargetDependency */ = {
			isa = PBXTargetDependency;
			target = 83CD2E19273E80490093AD90 /* Flashdecks */;
			targetProxy = 83CD2E35273E804B0093AD90 /* PBXContainerItemProxy */;
		};
/* End PBXTargetDependency section */

/* Begin XCBuildConfiguration section */
		83CD2E3C273E804B0093AD90 /* Debug */ = {
			isa = XCBuildConfiguration;
			buildSettings = {
				ALWAYS_SEARCH_USER_PATHS = NO;
				CLANG_ANALYZER_NONNULL = YES;
				CLANG_ANALYZER_NUMBER_OBJECT_CONVERSION = YES_AGGRESSIVE;
				CLANG_CXX_LANGUAGE_STANDARD = "gnu++17";
				CLANG_CXX_LIBRARY = "libc++";
				CLANG_ENABLE_MODULES = YES;
				CLANG_ENABLE_OBJC_ARC = YES;
				CLANG_ENABLE_OBJC_WEAK = YES;
				CLANG_WARN_BLOCK_CAPTURE_AUTORELEASING = YES;
				CLANG_WARN_BOOL_CONVERSION = YES;
				CLANG_WARN_COMMA = YES;
				CLANG_WARN_CONSTANT_CONVERSION = YES;
				CLANG_WARN_DEPRECATED_OBJC_IMPLEMENTATIONS = YES;
				CLANG_WARN_DIRECT_OBJC_ISA_USAGE = YES_ERROR;
				CLANG_WARN_DOCUMENTATION_COMMENTS = YES;
				CLANG_WARN_EMPTY_BODY = YES;
				CLANG_WARN_ENUM_CONVERSION = YES;
				CLANG_WARN_INFINITE_RECURSION = YES;
				CLANG_WARN_INT_CONVERSION = YES;
				CLANG_WARN_NON_LITERAL_NULL_CONVERSION = YES;
				CLANG_WARN_OBJC_IMPLICIT_RETAIN_SELF = YES;
				CLANG_WARN_OBJC_LITERAL_CONVERSION = YES;
				CLANG_WARN_OBJC_ROOT_CLASS = YES_ERROR;
				CLANG_WARN_QUOTED_INCLUDE_IN_FRAMEWORK_HEADER = YES;
				CLANG_WARN_RANGE_LOOP_ANALYSIS = YES;
				CLANG_WARN_STRICT_PROTOTYPES = YES;
				CLANG_WARN_SUSPICIOUS_MOVE = YES;
				CLANG_WARN_UNGUARDED_AVAILABILITY = YES_AGGRESSIVE;
				CLANG_WARN_UNREACHABLE_CODE = YES;
				CLANG_WARN__DUPLICATE_METHOD_MATCH = YES;
				COPY_PHASE_STRIP = NO;
				DEBUG_INFORMATION_FORMAT = dwarf;
				ENABLE_STRICT_OBJC_MSGSEND = YES;
				ENABLE_TESTABILITY = YES;
				GCC_C_LANGUAGE_STANDARD = gnu11;
				GCC_DYNAMIC_NO_PIC = NO;
				GCC_NO_COMMON_BLOCKS = YES;
				GCC_OPTIMIZATION_LEVEL = 0;
				GCC_PREPROCESSOR_DEFINITIONS = (
					"DEBUG=1",
					"$(inherited)",
				);
				GCC_WARN_64_TO_32_BIT_CONVERSION = YES;
				GCC_WARN_ABOUT_RETURN_TYPE = YES_ERROR;
				GCC_WARN_UNDECLARED_SELECTOR = YES;
				GCC_WARN_UNINITIALIZED_AUTOS = YES_AGGRESSIVE;
				GCC_WARN_UNUSED_FUNCTION = YES;
				GCC_WARN_UNUSED_VARIABLE = YES;
				IPHONEOS_DEPLOYMENT_TARGET = 15.0;
				MTL_ENABLE_DEBUG_INFO = INCLUDE_SOURCE;
				MTL_FAST_MATH = YES;
				ONLY_ACTIVE_ARCH = YES;
				SDKROOT = iphoneos;
				SWIFT_ACTIVE_COMPILATION_CONDITIONS = DEBUG;
				SWIFT_OPTIMIZATION_LEVEL = "-Onone";
			};
			name = Debug;
		};
		83CD2E3D273E804B0093AD90 /* Release */ = {
			isa = XCBuildConfiguration;
			buildSettings = {
				ALWAYS_SEARCH_USER_PATHS = NO;
				CLANG_ANALYZER_NONNULL = YES;
				CLANG_ANALYZER_NUMBER_OBJECT_CONVERSION = YES_AGGRESSIVE;
				CLANG_CXX_LANGUAGE_STANDARD = "gnu++17";
				CLANG_CXX_LIBRARY = "libc++";
				CLANG_ENABLE_MODULES = YES;
				CLANG_ENABLE_OBJC_ARC = YES;
				CLANG_ENABLE_OBJC_WEAK = YES;
				CLANG_WARN_BLOCK_CAPTURE_AUTORELEASING = YES;
				CLANG_WARN_BOOL_CONVERSION = YES;
				CLANG_WARN_COMMA = YES;
				CLANG_WARN_CONSTANT_CONVERSION = YES;
				CLANG_WARN_DEPRECATED_OBJC_IMPLEMENTATIONS = YES;
				CLANG_WARN_DIRECT_OBJC_ISA_USAGE = YES_ERROR;
				CLANG_WARN_DOCUMENTATION_COMMENTS = YES;
				CLANG_WARN_EMPTY_BODY = YES;
				CLANG_WARN_ENUM_CONVERSION = YES;
				CLANG_WARN_INFINITE_RECURSION = YES;
				CLANG_WARN_INT_CONVERSION = YES;
				CLANG_WARN_NON_LITERAL_NULL_CONVERSION = YES;
				CLANG_WARN_OBJC_IMPLICIT_RETAIN_SELF = YES;
				CLANG_WARN_OBJC_LITERAL_CONVERSION = YES;
				CLANG_WARN_OBJC_ROOT_CLASS = YES_ERROR;
				CLANG_WARN_QUOTED_INCLUDE_IN_FRAMEWORK_HEADER = YES;
				CLANG_WARN_RANGE_LOOP_ANALYSIS = YES;
				CLANG_WARN_STRICT_PROTOTYPES = YES;
				CLANG_WARN_SUSPICIOUS_MOVE = YES;
				CLANG_WARN_UNGUARDED_AVAILABILITY = YES_AGGRESSIVE;
				CLANG_WARN_UNREACHABLE_CODE = YES;
				CLANG_WARN__DUPLICATE_METHOD_MATCH = YES;
				COPY_PHASE_STRIP = NO;
				DEBUG_INFORMATION_FORMAT = "dwarf-with-dsym";
				ENABLE_NS_ASSERTIONS = NO;
				ENABLE_STRICT_OBJC_MSGSEND = YES;
				GCC_C_LANGUAGE_STANDARD = gnu11;
				GCC_NO_COMMON_BLOCKS = YES;
				GCC_WARN_64_TO_32_BIT_CONVERSION = YES;
				GCC_WARN_ABOUT_RETURN_TYPE = YES_ERROR;
				GCC_WARN_UNDECLARED_SELECTOR = YES;
				GCC_WARN_UNINITIALIZED_AUTOS = YES_AGGRESSIVE;
				GCC_WARN_UNUSED_FUNCTION = YES;
				GCC_WARN_UNUSED_VARIABLE = YES;
				IPHONEOS_DEPLOYMENT_TARGET = 15.0;
				MTL_ENABLE_DEBUG_INFO = NO;
				MTL_FAST_MATH = YES;
				SDKROOT = iphoneos;
				SWIFT_COMPILATION_MODE = wholemodule;
				SWIFT_OPTIMIZATION_LEVEL = "-O";
				VALIDATE_PRODUCT = YES;
			};
			name = Release;
		};
		83CD2E3F273E804B0093AD90 /* Debug */ = {
			isa = XCBuildConfiguration;
			buildSettings = {
				ASSETCATALOG_COMPILER_APPICON_NAME = AppIcon;
				ASSETCATALOG_COMPILER_GLOBAL_ACCENT_COLOR_NAME = AccentColor;
				CODE_SIGN_STYLE = Automatic;
				CURRENT_PROJECT_VERSION = 1;
				DEVELOPMENT_ASSET_PATHS = "\"Flashdecks/Preview Content\"";
				DEVELOPMENT_TEAM = 55H4ABU399;
				ENABLE_PREVIEWS = YES;
				GENERATE_INFOPLIST_FILE = YES;
				INFOPLIST_FILE = Flashdecks/Info.plist;
				INFOPLIST_KEY_UIApplicationSceneManifest_Generation = YES;
				INFOPLIST_KEY_UIApplicationSupportsIndirectInputEvents = YES;
				INFOPLIST_KEY_UILaunchScreen_Generation = YES;
				INFOPLIST_KEY_UILaunchStoryboardName = "Launch Screen";
				INFOPLIST_KEY_UIStatusBarHidden = NO;
				INFOPLIST_KEY_UISupportedInterfaceOrientations_iPad = "UIInterfaceOrientationPortrait UIInterfaceOrientationPortraitUpsideDown UIInterfaceOrientationLandscapeLeft UIInterfaceOrientationLandscapeRight";
				INFOPLIST_KEY_UISupportedInterfaceOrientations_iPhone = "UIInterfaceOrientationPortrait UIInterfaceOrientationLandscapeLeft UIInterfaceOrientationLandscapeRight";
				LD_RUNPATH_SEARCH_PATHS = (
					"$(inherited)",
					"@executable_path/Frameworks",
				);
				MARKETING_VERSION = 1.0;
				PRODUCT_BUNDLE_IDENTIFIER = "Singularity.Flashdecks-you";
				PRODUCT_NAME = "$(TARGET_NAME)";
				SWIFT_EMIT_LOC_STRINGS = YES;
				SWIFT_VERSION = 5.0;
				TARGETED_DEVICE_FAMILY = 1;
			};
			name = Debug;
		};
		83CD2E40273E804B0093AD90 /* Release */ = {
			isa = XCBuildConfiguration;
			buildSettings = {
				ASSETCATALOG_COMPILER_APPICON_NAME = AppIcon;
				ASSETCATALOG_COMPILER_GLOBAL_ACCENT_COLOR_NAME = AccentColor;
				CODE_SIGN_STYLE = Manual;
				CURRENT_PROJECT_VERSION = 1;
				DEVELOPMENT_ASSET_PATHS = "\"Flashdecks/Preview Content\"";
				DEVELOPMENT_TEAM = "";
				ENABLE_PREVIEWS = YES;
				GENERATE_INFOPLIST_FILE = YES;
				INFOPLIST_FILE = Flashdecks/Info.plist;
				INFOPLIST_KEY_UIApplicationSceneManifest_Generation = YES;
				INFOPLIST_KEY_UIApplicationSupportsIndirectInputEvents = YES;
				INFOPLIST_KEY_UILaunchScreen_Generation = YES;
				INFOPLIST_KEY_UILaunchStoryboardName = "Launch Screen";
				INFOPLIST_KEY_UIStatusBarHidden = NO;
				INFOPLIST_KEY_UISupportedInterfaceOrientations_iPad = "UIInterfaceOrientationPortrait UIInterfaceOrientationPortraitUpsideDown UIInterfaceOrientationLandscapeLeft UIInterfaceOrientationLandscapeRight";
				INFOPLIST_KEY_UISupportedInterfaceOrientations_iPhone = "UIInterfaceOrientationPortrait UIInterfaceOrientationLandscapeLeft UIInterfaceOrientationLandscapeRight";
				LD_RUNPATH_SEARCH_PATHS = (
					"$(inherited)",
					"@executable_path/Frameworks",
				);
				MARKETING_VERSION = 1.0;
				PRODUCT_BUNDLE_IDENTIFIER = Singularity.Flashdecks;
				PRODUCT_NAME = "$(TARGET_NAME)";
				PROVISIONING_PROFILE_SPECIFIER = "";
				SWIFT_EMIT_LOC_STRINGS = YES;
				SWIFT_VERSION = 5.0;
				TARGETED_DEVICE_FAMILY = 1;
			};
			name = Release;
		};
		83CD2E42273E804B0093AD90 /* Debug */ = {
			isa = XCBuildConfiguration;
			buildSettings = {
				ALWAYS_EMBED_SWIFT_STANDARD_LIBRARIES = YES;
				BUNDLE_LOADER = "$(TEST_HOST)";
				CODE_SIGN_STYLE = Automatic;
				CURRENT_PROJECT_VERSION = 1;
				GENERATE_INFOPLIST_FILE = YES;
				IPHONEOS_DEPLOYMENT_TARGET = 15.0;
				LD_RUNPATH_SEARCH_PATHS = (
					"$(inherited)",
					"@executable_path/Frameworks",
					"@loader_path/Frameworks",
				);
				MARKETING_VERSION = 1.0;
				PRODUCT_BUNDLE_IDENTIFIER = Singularity.FlashdecksTests;
				PRODUCT_NAME = "$(TARGET_NAME)";
				SWIFT_EMIT_LOC_STRINGS = NO;
				SWIFT_VERSION = 5.0;
				TARGETED_DEVICE_FAMILY = "1,2";
				TEST_HOST = "$(BUILT_PRODUCTS_DIR)/Flashdecks.app/Flashdecks";
			};
			name = Debug;
		};
		83CD2E43273E804B0093AD90 /* Release */ = {
			isa = XCBuildConfiguration;
			buildSettings = {
				ALWAYS_EMBED_SWIFT_STANDARD_LIBRARIES = YES;
				BUNDLE_LOADER = "$(TEST_HOST)";
				CODE_SIGN_STYLE = Automatic;
				CURRENT_PROJECT_VERSION = 1;
				GENERATE_INFOPLIST_FILE = YES;
				IPHONEOS_DEPLOYMENT_TARGET = 15.0;
				LD_RUNPATH_SEARCH_PATHS = (
					"$(inherited)",
					"@executable_path/Frameworks",
					"@loader_path/Frameworks",
				);
				MARKETING_VERSION = 1.0;
				PRODUCT_BUNDLE_IDENTIFIER = Singularity.FlashdecksTests;
				PRODUCT_NAME = "$(TARGET_NAME)";
				SWIFT_EMIT_LOC_STRINGS = NO;
				SWIFT_VERSION = 5.0;
				TARGETED_DEVICE_FAMILY = "1,2";
				TEST_HOST = "$(BUILT_PRODUCTS_DIR)/Flashdecks.app/Flashdecks";
			};
			name = Release;
		};
		83CD2E45273E804B0093AD90 /* Debug */ = {
			isa = XCBuildConfiguration;
			buildSettings = {
				ALWAYS_EMBED_SWIFT_STANDARD_LIBRARIES = YES;
				CODE_SIGN_STYLE = Automatic;
				CURRENT_PROJECT_VERSION = 1;
				GENERATE_INFOPLIST_FILE = YES;
				LD_RUNPATH_SEARCH_PATHS = (
					"$(inherited)",
					"@executable_path/Frameworks",
					"@loader_path/Frameworks",
				);
				MARKETING_VERSION = 1.0;
				PRODUCT_BUNDLE_IDENTIFIER = Singularity.FlashdecksUITests;
				PRODUCT_NAME = "$(TARGET_NAME)";
				SWIFT_EMIT_LOC_STRINGS = NO;
				SWIFT_VERSION = 5.0;
				TARGETED_DEVICE_FAMILY = "1,2";
				TEST_TARGET_NAME = Flashdecks;
			};
			name = Debug;
		};
		83CD2E46273E804B0093AD90 /* Release */ = {
			isa = XCBuildConfiguration;
			buildSettings = {
				ALWAYS_EMBED_SWIFT_STANDARD_LIBRARIES = YES;
				CODE_SIGN_STYLE = Automatic;
				CURRENT_PROJECT_VERSION = 1;
				GENERATE_INFOPLIST_FILE = YES;
				LD_RUNPATH_SEARCH_PATHS = (
					"$(inherited)",
					"@executable_path/Frameworks",
					"@loader_path/Frameworks",
				);
				MARKETING_VERSION = 1.0;
				PRODUCT_BUNDLE_IDENTIFIER = Singularity.FlashdecksUITests;
				PRODUCT_NAME = "$(TARGET_NAME)";
				SWIFT_EMIT_LOC_STRINGS = NO;
				SWIFT_VERSION = 5.0;
				TARGETED_DEVICE_FAMILY = "1,2";
				TEST_TARGET_NAME = Flashdecks;
			};
			name = Release;
		};
/* End XCBuildConfiguration section */

/* Begin XCConfigurationList section */
		83CD2E15273E80490093AD90 /* Build configuration list for PBXProject "Flashdecks" */ = {
			isa = XCConfigurationList;
			buildConfigurations = (
				83CD2E3C273E804B0093AD90 /* Debug */,
				83CD2E3D273E804B0093AD90 /* Release */,
			);
			defaultConfigurationIsVisible = 0;
			defaultConfigurationName = Release;
		};
		83CD2E3E273E804B0093AD90 /* Build configuration list for PBXNativeTarget "Flashdecks" */ = {
			isa = XCConfigurationList;
			buildConfigurations = (
				83CD2E3F273E804B0093AD90 /* Debug */,
				83CD2E40273E804B0093AD90 /* Release */,
			);
			defaultConfigurationIsVisible = 0;
			defaultConfigurationName = Release;
		};
		83CD2E41273E804B0093AD90 /* Build configuration list for PBXNativeTarget "FlashdecksTests" */ = {
			isa = XCConfigurationList;
			buildConfigurations = (
				83CD2E42273E804B0093AD90 /* Debug */,
				83CD2E43273E804B0093AD90 /* Release */,
			);
			defaultConfigurationIsVisible = 0;
			defaultConfigurationName = Release;
		};
		83CD2E44273E804B0093AD90 /* Build configuration list for PBXNativeTarget "FlashdecksUITests" */ = {
			isa = XCConfigurationList;
			buildConfigurations = (
				83CD2E45273E804B0093AD90 /* Debug */,
				83CD2E46273E804B0093AD90 /* Release */,
			);
			defaultConfigurationIsVisible = 0;
			defaultConfigurationName = Release;
		};
/* End XCConfigurationList section */
	};
	rootObject = 83CD2E12273E80490093AD90 /* Project object */;
}
